
Microsoft Visual Studio Solution File, Format Version 12.00
# Visual Studio Version 17
VisualStudioVersion = 17.11.35431.28
MinimumVisualStudioVersion = 10.0.40219.1
Project("{FAE04EC0-301F-11D3-BF4B-00C04F79EFBC}") = "Event Applikation", "Event Applikation.csproj", "{B87967E4-8B5C-4321-AB0A-88C9A7847985}"
EndProject
Global
	GlobalSection(SolutionConfigurationPlatforms) = preSolution
		Debug|Any CPU = Debug|Any CPU
		Release|Any CPU = Release|Any CPU
	EndGlobalSection
	GlobalSection(ProjectConfigurationPlatforms) = postSolution
		{B87967E4-8B5C-4321-AB0A-88C9A7847985}.Debug|Any CPU.ActiveCfg = Debug|Any CPU
		{B87967E4-8B5C-4321-AB0A-88C9A7847985}.Debug|Any CPU.Build.0 = Debug|Any CPU
		{B87967E4-8B5C-4321-AB0A-88C9A7847985}.Release|Any CPU.ActiveCfg = Release|Any CPU
		{B87967E4-8B5C-4321-AB0A-88C9A7847985}.Release|Any CPU.Build.0 = Release|Any CPU
	EndGlobalSection
	GlobalSection(SolutionProperties) = preSolution
		HideSolutionNode = FALSE
	EndGlobalSection
	GlobalSection(ExtensibilityGlobals) = postSolution
		SolutionGuid = {A88B416E-4FEE-46BD-A030-B6C98CB0FE7E}
	EndGlobalSection
EndGlobal
